
Microsoft Visual Studio Solution File, Format Version 12.00
# Visual Studio 2013
VisualStudioVersion = 12.0
MinimumVisualStudioVersion = 12.0
Project("{2150E333-8FDC-42A3-9474-1A3956D46DE8}") = "Dirs-Package", "Dirs-Package", "{28686DA8-5EF8-498D-B717-6BA58D7A1210}"
EndProject
Project("{2150E333-8FDC-42A3-9474-1A3956D46DE8}") = "Mt7603", "Mt7603", "{F0737B30-F455-43B6-83FE-DAA97F92FE40}"
EndProject
Project("{2150E333-8FDC-42A3-9474-1A3956D46DE8}") = "Hal", "Hal", "{27B2AA22-C826-41CF-8A86-7514DA7EF2D5}"
EndProject
Project("{2150E333-8FDC-42A3-9474-1A3956D46DE8}") = "Common", "Common", "{228C24DB-27D2-4F7C-825B-D2A6BDC4362F}"
EndProject
Project("{2150E333-8FDC-42A3-9474-1A3956D46DE8}") = "Common", "Common", "{E8946603-7924-4026-BC34-6A6BAAB0EED5}"
EndProject
Project("{2150E333-8FDC-42A3-9474-1A3956D46DE8}") = "USB", "USB", "{5D5BC5A5-AE36-45EB-9362-277C5D185B41}"
EndProject
Project("{2150E333-8FDC-42A3-9474-1A3956D46DE8}") = "Ndis6", "Ndis6", "{B1872AC4-8BBA-44FF-8452-16817E602901}"
EndProject
Project("{2150E333-8FDC-42A3-9474-1A3956D46DE8}") = "PLATFORM", "PLATFORM", "{D411F502-B027-4700-8B8A-D3456036FF7A}"
EndProject
Project("{8BC9CEB8-8B4A-11D0-8D11-00A0C91BC942}") = "mt7603", "hal\mt7603\mt7603.vcxproj", "{FA6A3AE2-D3FB-4FD6-ACDD-08530C0EF5E4}"
EndProject
Project("{8BC9CEB8-8B4A-11D0-8D11-00A0C91BC942}") = "hal_common", "hal\common\hal_common.vcxproj", "{18B4D944-AC64-425C-A94B-6E4F4ECBEF08}"
EndProject
Project("{8BC9CEB8-8B4A-11D0-8D11-00A0C91BC942}") = "Common", "Common\Common.vcxproj", "{58E6F138-631B-4D73-9B96-6F3FE0F6EDAE}"
EndProject
Project("{8BC9CEB8-8B4A-11D0-8D11-00A0C91BC942}") = "mtkwlux", "PLATFORM\Ndis6\USB\mtkwlux.vcxproj", "{EDE8E6B1-FF9F-4A56-AB8B-2A54E3EB9BAE}"
EndProject
Project("{8BC9CEB8-8B4A-11D0-8D11-00A0C91BC942}") = "dirs-Package", "PLATFORM\Ndis6\USB\N6_Usb.vcxproj", "{87C8CF68-AE55-40BF-B1EF-49A0DEF6619C}"
EndProject
Global
	GlobalSection(SolutionConfigurationPlatforms) = preSolution
		Win8.1 Debug|Win32 = Win8.1 Debug|Win32
		Win8.1 Debug|x64 = Win8.1 Debug|x64
		Win8.1 Release|Win32 = Win8.1 Release|Win32
		Win8.1 Release|x64 = Win8.1 Release|x64
		Win8 Debug|Win32 = Win8 Debug|Win32
		Win8 Debug|x64 = Win8 Debug|x64
		Win8 Release|Win32 = Win8 Release|Win32
		Win8 Release|x64 = Win8 Release|x64
		Win7 Debug|Win32 = Win7 Debug|Win32
		Win7 Debug|x64 = Win7 Debug|x64
		Win7 Release|Win32 = Win7 Release|Win32
		Win7 Release|x64 = Win7 Release|x64
	EndGlobalSection
	GlobalSection(ProjectConfigurationPlatforms) = postSolution
		{87C8CF68-AE55-40BF-B1EF-49A0DEF6619C}.Win8.1 Debug|Win32.ActiveCfg = Win8.1 Debug|Win32
		{87C8CF68-AE55-40BF-B1EF-49A0DEF6619C}.Win8.1 Debug|Win32.Build.0 = Win8.1 Debug|Win32
		{87C8CF68-AE55-40BF-B1EF-49A0DEF6619C}.Win8.1 Debug|x64.ActiveCfg = Win8.1 Debug|x64
		{87C8CF68-AE55-40BF-B1EF-49A0DEF6619C}.Win8.1 Debug|x64.Build.0 = Win8.1 Debug|x64
		{87C8CF68-AE55-40BF-B1EF-49A0DEF6619C}.Win8.1 Release|Win32.ActiveCfg = Win8.1 Release|Win32
		{87C8CF68-AE55-40BF-B1EF-49A0DEF6619C}.Win8.1 Release|Win32.Build.0 = Win8.1 Release|Win32
		{87C8CF68-AE55-40BF-B1EF-49A0DEF6619C}.Win8.1 Release|x64.ActiveCfg = Win8.1 Release|x64
		{87C8CF68-AE55-40BF-B1EF-49A0DEF6619C}.Win8.1 Release|x64.Build.0 = Win8.1 Release|x64
		{87C8CF68-AE55-40BF-B1EF-49A0DEF6619C}.Win8 Debug|Win32.ActiveCfg = Win8 Debug|Win32
		{87C8CF68-AE55-40BF-B1EF-49A0DEF6619C}.Win8 Debug|Win32.Build.0 = Win8 Debug|Win32
		{87C8CF68-AE55-40BF-B1EF-49A0DEF6619C}.Win8 Debug|x64.ActiveCfg = Win8 Debug|x64
		{87C8CF68-AE55-40BF-B1EF-49A0DEF6619C}.Win8 Debug|x64.Build.0 = Win8 Debug|x64
		{87C8CF68-AE55-40BF-B1EF-49A0DEF6619C}.Win8 Release|Win32.ActiveCfg = Win8 Release|Win32
		{87C8CF68-AE55-40BF-B1EF-49A0DEF6619C}.Win8 Release|Win32.Build.0 = Win8 Release|Win32
		{87C8CF68-AE55-40BF-B1EF-49A0DEF6619C}.Win8 Release|x64.ActiveCfg = Win8 Release|x64
		{87C8CF68-AE55-40BF-B1EF-49A0DEF6619C}.Win8 Release|x64.Build.0 = Win8 Release|x64
		{87C8CF68-AE55-40BF-B1EF-49A0DEF6619C}.Win7 Debug|Win32.ActiveCfg = Win7 Debug|Win32
		{87C8CF68-AE55-40BF-B1EF-49A0DEF6619C}.Win7 Debug|Win32.Build.0 = Win7 Debug|Win32
		{87C8CF68-AE55-40BF-B1EF-49A0DEF6619C}.Win7 Debug|x64.ActiveCfg = Win7 Debug|x64
		{87C8CF68-AE55-40BF-B1EF-49A0DEF6619C}.Win7 Debug|x64.Build.0 = Win7 Debug|x64
		{87C8CF68-AE55-40BF-B1EF-49A0DEF6619C}.Win7 Release|Win32.ActiveCfg = Win7 Release|Win32
		{87C8CF68-AE55-40BF-B1EF-49A0DEF6619C}.Win7 Release|Win32.Build.0 = Win7 Release|Win32
		{87C8CF68-AE55-40BF-B1EF-49A0DEF6619C}.Win7 Release|x64.ActiveCfg = Win7 Release|x64
		{87C8CF68-AE55-40BF-B1EF-49A0DEF6619C}.Win7 Release|x64.Build.0 = Win7 Release|x64
		{EDE8E6B1-FF9F-4A56-AB8B-2A54E3EB9BAE}.Win8.1 Debug|Win32.ActiveCfg = Win8.1 Debug|Win32
		{EDE8E6B1-FF9F-4A56-AB8B-2A54E3EB9BAE}.Win8.1 Debug|Win32.Build.0 = Win8.1 Debug|Win32
		{EDE8E6B1-FF9F-4A56-AB8B-2A54E3EB9BAE}.Win8.1 Debug|x64.ActiveCfg = Win8.1 Debug|x64
		{EDE8E6B1-FF9F-4A56-AB8B-2A54E3EB9BAE}.Win8.1 Debug|x64.Build.0 = Win8.1 Debug|x64
		{EDE8E6B1-FF9F-4A56-AB8B-2A54E3EB9BAE}.Win8.1 Release|Win32.ActiveCfg = Win8.1 Release|Win32
		{EDE8E6B1-FF9F-4A56-AB8B-2A54E3EB9BAE}.Win8.1 Release|Win32.Build.0 = Win8.1 Release|Win32
		{EDE8E6B1-FF9F-4A56-AB8B-2A54E3EB9BAE}.Win8.1 Release|x64.ActiveCfg = Win8.1 Release|x64
		{EDE8E6B1-FF9F-4A56-AB8B-2A54E3EB9BAE}.Win8.1 Release|x64.Build.0 = Win8.1 Release|x64
		{EDE8E6B1-FF9F-4A56-AB8B-2A54E3EB9BAE}.Win8 Debug|Win32.ActiveCfg = Win8 Debug|Win32
		{EDE8E6B1-FF9F-4A56-AB8B-2A54E3EB9BAE}.Win8 Debug|Win32.Build.0 = Win8 Debug|Win32
		{EDE8E6B1-FF9F-4A56-AB8B-2A54E3EB9BAE}.Win8 Debug|x64.ActiveCfg = Win8 Debug|x64
		{EDE8E6B1-FF9F-4A56-AB8B-2A54E3EB9BAE}.Win8 Debug|x64.Build.0 = Win8 Debug|x64
		{EDE8E6B1-FF9F-4A56-AB8B-2A54E3EB9BAE}.Win8 Release|Win32.ActiveCfg = Win8 Release|Win32
		{EDE8E6B1-FF9F-4A56-AB8B-2A54E3EB9BAE}.Win8 Release|Win32.Build.0 = Win8 Release|Win32
		{EDE8E6B1-FF9F-4A56-AB8B-2A54E3EB9BAE}.Win8 Release|x64.ActiveCfg = Win8 Release|x64
		{EDE8E6B1-FF9F-4A56-AB8B-2A54E3EB9BAE}.Win8 Release|x64.Build.0 = Win8 Release|x64
		{EDE8E6B1-FF9F-4A56-AB8B-2A54E3EB9BAE}.Win7 Debug|Win32.ActiveCfg = Win7 Debug|Win32
		{EDE8E6B1-FF9F-4A56-AB8B-2A54E3EB9BAE}.Win7 Debug|Win32.Build.0 = Win7 Debug|Win32
		{EDE8E6B1-FF9F-4A56-AB8B-2A54E3EB9BAE}.Win7 Debug|x64.ActiveCfg = Win7 Debug|x64
		{EDE8E6B1-FF9F-4A56-AB8B-2A54E3EB9BAE}.Win7 Debug|x64.Build.0 = Win7 Debug|x64
		{EDE8E6B1-FF9F-4A56-AB8B-2A54E3EB9BAE}.Win7 Release|Win32.ActiveCfg = Win7 Release|Win32
		{EDE8E6B1-FF9F-4A56-AB8B-2A54E3EB9BAE}.Win7 Release|Win32.Build.0 = Win7 Release|Win32
		{EDE8E6B1-FF9F-4A56-AB8B-2A54E3EB9BAE}.Win7 Release|x64.ActiveCfg = Win7 Release|x64
		{EDE8E6B1-FF9F-4A56-AB8B-2A54E3EB9BAE}.Win7 Release|x64.Build.0 = Win7 Release|x64
		{58E6F138-631B-4D73-9B96-6F3FE0F6EDAE}.Win8.1 Debug|Win32.ActiveCfg = Win8.1 Debug|Win32
		{58E6F138-631B-4D73-9B96-6F3FE0F6EDAE}.Win8.1 Debug|Win32.Build.0 = Win8.1 Debug|Win32
		{58E6F138-631B-4D73-9B96-6F3FE0F6EDAE}.Win8.1 Debug|x64.ActiveCfg = Win8.1 Debug|x64
		{58E6F138-631B-4D73-9B96-6F3FE0F6EDAE}.Win8.1 Debug|x64.Build.0 = Win8.1 Debug|x64
		{58E6F138-631B-4D73-9B96-6F3FE0F6EDAE}.Win8.1 Release|Win32.ActiveCfg = Win8.1 Release|Win32
		{58E6F138-631B-4D73-9B96-6F3FE0F6EDAE}.Win8.1 Release|Win32.Build.0 = Win8.1 Release|Win32
		{58E6F138-631B-4D73-9B96-6F3FE0F6EDAE}.Win8.1 Release|x64.ActiveCfg = Win8.1 Release|x64
		{58E6F138-631B-4D73-9B96-6F3FE0F6EDAE}.Win8.1 Release|x64.Build.0 = Win8.1 Release|x64
		{58E6F138-631B-4D73-9B96-6F3FE0F6EDAE}.Win8 Debug|Win32.ActiveCfg = Win8 Debug|Win32
		{58E6F138-631B-4D73-9B96-6F3FE0F6EDAE}.Win8 Debug|Win32.Build.0 = Win8 Debug|Win32
		{58E6F138-631B-4D73-9B96-6F3FE0F6EDAE}.Win8 Debug|x64.ActiveCfg = Win8 Debug|x64
		{58E6F138-631B-4D73-9B96-6F3FE0F6EDAE}.Win8 Debug|x64.Build.0 = Win8 Debug|x64
		{58E6F138-631B-4D73-9B96-6F3FE0F6EDAE}.Win8 Release|Win32.ActiveCfg = Win8 Release|Win32
		{58E6F138-631B-4D73-9B96-6F3FE0F6EDAE}.Win8 Release|Win32.Build.0 = Win8 Release|Win32
		{58E6F138-631B-4D73-9B96-6F3FE0F6EDAE}.Win8 Release|x64.ActiveCfg = Win8 Release|x64
		{58E6F138-631B-4D73-9B96-6F3FE0F6EDAE}.Win8 Release|x64.Build.0 = Win8 Release|x64
		{58E6F138-631B-4D73-9B96-6F3FE0F6EDAE}.Win7 Debug|Win32.ActiveCfg = Win7 Debug|Win32
		{58E6F138-631B-4D73-9B96-6F3FE0F6EDAE}.Win7 Debug|Win32.Build.0 = Win7 Debug|Win32
		{58E6F138-631B-4D73-9B96-6F3FE0F6EDAE}.Win7 Debug|x64.ActiveCfg = Win7 Debug|x64
		{58E6F138-631B-4D73-9B96-6F3FE0F6EDAE}.Win7 Debug|x64.Build.0 = Win7 Debug|x64
		{58E6F138-631B-4D73-9B96-6F3FE0F6EDAE}.Win7 Release|Win32.ActiveCfg = Win7 Release|Win32
		{58E6F138-631B-4D73-9B96-6F3FE0F6EDAE}.Win7 Release|Win32.Build.0 = Win7 Release|Win32
		{58E6F138-631B-4D73-9B96-6F3FE0F6EDAE}.Win7 Release|x64.ActiveCfg = Win7 Release|x64
		{58E6F138-631B-4D73-9B96-6F3FE0F6EDAE}.Win7 Release|x64.Build.0 = Win7 Release|x64
		{FA6A3AE2-D3FB-4FD6-ACDD-08530C0EF5E4}.Win8.1 Debug|Win32.ActiveCfg = Win8.1 Debug|Win32
		{FA6A3AE2-D3FB-4FD6-ACDD-08530C0EF5E4}.Win8.1 Debug|Win32.Build.0 = Win8.1 Debug|Win32
		{FA6A3AE2-D3FB-4FD6-ACDD-08530C0EF5E4}.Win8.1 Debug|x64.ActiveCfg = Win8.1 Debug|x64
		{FA6A3AE2-D3FB-4FD6-ACDD-08530C0EF5E4}.Win8.1 Debug|x64.Build.0 = Win8.1 Debug|x64
		{FA6A3AE2-D3FB-4FD6-ACDD-08530C0EF5E4}.Win8.1 Release|Win32.ActiveCfg = Win8.1 Release|Win32
		{FA6A3AE2-D3FB-4FD6-ACDD-08530C0EF5E4}.Win8.1 Release|Win32.Build.0 = Win8.1 Release|Win32
		{FA6A3AE2-D3FB-4FD6-ACDD-08530C0EF5E4}.Win8.1 Release|x64.ActiveCfg = Win8.1 Release|x64
		{FA6A3AE2-D3FB-4FD6-ACDD-08530C0EF5E4}.Win8.1 Release|x64.Build.0 = Win8.1 Release|x64
		{FA6A3AE2-D3FB-4FD6-ACDD-08530C0EF5E4}.Win8 Debug|Win32.ActiveCfg = Win8 Debug|Win32
		{FA6A3AE2-D3FB-4FD6-ACDD-08530C0EF5E4}.Win8 Debug|Win32.Build.0 = Win8 Debug|Win32
		{FA6A3AE2-D3FB-4FD6-ACDD-08530C0EF5E4}.Win8 Debug|x64.ActiveCfg = Win8 Debug|x64
		{FA6A3AE2-D3FB-4FD6-ACDD-08530C0EF5E4}.Win8 Debug|x64.Build.0 = Win8 Debug|x64
		{FA6A3AE2-D3FB-4FD6-ACDD-08530C0EF5E4}.Win8 Release|Win32.ActiveCfg = Win8 Release|Win32
		{FA6A3AE2-D3FB-4FD6-ACDD-08530C0EF5E4}.Win8 Release|Win32.Build.0 = Win8 Release|Win32
		{FA6A3AE2-D3FB-4FD6-ACDD-08530C0EF5E4}.Win8 Release|x64.ActiveCfg = Win8 Release|x64
		{FA6A3AE2-D3FB-4FD6-ACDD-08530C0EF5E4}.Win8 Release|x64.Build.0 = Win8 Release|x64
		{FA6A3AE2-D3FB-4FD6-ACDD-08530C0EF5E4}.Win7 Debug|Win32.ActiveCfg = Win7 Debug|Win32
		{FA6A3AE2-D3FB-4FD6-ACDD-08530C0EF5E4}.Win7 Debug|Win32.Build.0 = Win7 Debug|Win32
		{FA6A3AE2-D3FB-4FD6-ACDD-08530C0EF5E4}.Win7 Debug|x64.ActiveCfg = Win7 Debug|x64
		{FA6A3AE2-D3FB-4FD6-ACDD-08530C0EF5E4}.Win7 Debug|x64.Build.0 = Win7 Debug|x64
		{FA6A3AE2-D3FB-4FD6-ACDD-08530C0EF5E4}.Win7 Release|Win32.ActiveCfg = Win7 Release|Win32
		{FA6A3AE2-D3FB-4FD6-ACDD-08530C0EF5E4}.Win7 Release|Win32.Build.0 = Win7 Release|Win32
		{FA6A3AE2-D3FB-4FD6-ACDD-08530C0EF5E4}.Win7 Release|x64.ActiveCfg = Win7 Release|x64
		{FA6A3AE2-D3FB-4FD6-ACDD-08530C0EF5E4}.Win7 Release|x64.Build.0 = Win7 Release|x64
		{18B4D944-AC64-425C-A94B-6E4F4ECBEF08}.Win8.1 Debug|Win32.ActiveCfg = Win8.1 Debug|Win32
		{18B4D944-AC64-425C-A94B-6E4F4ECBEF08}.Win8.1 Debug|Win32.Build.0 = Win8.1 Debug|Win32
		{18B4D944-AC64-425C-A94B-6E4F4ECBEF08}.Win8.1 Debug|x64.ActiveCfg = Win8.1 Debug|x64
		{18B4D944-AC64-425C-A94B-6E4F4ECBEF08}.Win8.1 Debug|x64.Build.0 = Win8.1 Debug|x64
		{18B4D944-AC64-425C-A94B-6E4F4ECBEF08}.Win8.1 Release|Win32.ActiveCfg = Win8.1 Release|Win32
		{18B4D944-AC64-425C-A94B-6E4F4ECBEF08}.Win8.1 Release|Win32.Build.0 = Win8.1 Release|Win32
		{18B4D944-AC64-425C-A94B-6E4F4ECBEF08}.Win8.1 Release|x64.ActiveCfg = Win8.1 Release|x64
		{18B4D944-AC64-425C-A94B-6E4F4ECBEF08}.Win8.1 Release|x64.Build.0 = Win8.1 Release|x64
		{18B4D944-AC64-425C-A94B-6E4F4ECBEF08}.Win8 Debug|Win32.ActiveCfg = Win8 Debug|Win32
		{18B4D944-AC64-425C-A94B-6E4F4ECBEF08}.Win8 Debug|Win32.Build.0 = Win8 Debug|Win32
		{18B4D944-AC64-425C-A94B-6E4F4ECBEF08}.Win8 Debug|x64.ActiveCfg = Win8 Debug|x64
		{18B4D944-AC64-425C-A94B-6E4F4ECBEF08}.Win8 Debug|x64.Build.0 = Win8 Debug|x64
		{18B4D944-AC64-425C-A94B-6E4F4ECBEF08}.Win8 Release|Win32.ActiveCfg = Win8 Release|Win32
		{18B4D944-AC64-425C-A94B-6E4F4ECBEF08}.Win8 Release|Win32.Build.0 = Win8 Release|Win32
		{18B4D944-AC64-425C-A94B-6E4F4ECBEF08}.Win8 Release|x64.ActiveCfg = Win8 Release|x64
		{18B4D944-AC64-425C-A94B-6E4F4ECBEF08}.Win8 Release|x64.Build.0 = Win8 Release|x64
		{18B4D944-AC64-425C-A94B-6E4F4ECBEF08}.Win7 Debug|Win32.ActiveCfg = Win7 Debug|Win32
		{18B4D944-AC64-425C-A94B-6E4F4ECBEF08}.Win7 Debug|Win32.Build.0 = Win7 Debug|Win32
		{18B4D944-AC64-425C-A94B-6E4F4ECBEF08}.Win7 Debug|x64.ActiveCfg = Win7 Debug|x64
		{18B4D944-AC64-425C-A94B-6E4F4ECBEF08}.Win7 Debug|x64.Build.0 = Win7 Debug|x64
		{18B4D944-AC64-425C-A94B-6E4F4ECBEF08}.Win7 Release|Win32.ActiveCfg = Win7 Release|Win32
		{18B4D944-AC64-425C-A94B-6E4F4ECBEF08}.Win7 Release|Win32.Build.0 = Win7 Release|Win32
		{18B4D944-AC64-425C-A94B-6E4F4ECBEF08}.Win7 Release|x64.ActiveCfg = Win7 Release|x64
		{18B4D944-AC64-425C-A94B-6E4F4ECBEF08}.Win7 Release|x64.Build.0 = Win7 Release|x64
	EndGlobalSection
	GlobalSection(SolutionProperties) = preSolution
		HideSolutionNode = FALSE
	EndGlobalSection
	GlobalSection(NestedProjects) = preSolution
		{87C8CF68-AE55-40BF-B1EF-49A0DEF6619C} = {28686DA8-5EF8-498D-B717-6BA58D7A1210}
		{EDE8E6B1-FF9F-4A56-AB8B-2A54E3EB9BAE} = {5D5BC5A5-AE36-45EB-9362-277C5D185B41}
		{58E6F138-631B-4D73-9B96-6F3FE0F6EDAE} = {E8946603-7924-4026-BC34-6A6BAAB0EED5}
		{FA6A3AE2-D3FB-4FD6-ACDD-08530C0EF5E4} = {F0737B30-F455-43B6-83FE-DAA97F92FE40}
		{18B4D944-AC64-425C-A94B-6E4F4ECBEF08} = {228C24DB-27D2-4F7C-825B-D2A6BDC4362F}
		{5D5BC5A5-AE36-45EB-9362-277C5D185B41} = {B1872AC4-8BBA-44FF-8452-16817E602901}
		{B1872AC4-8BBA-44FF-8452-16817E602901} = {D411F502-B027-4700-8B8A-D3456036FF7A}
		{F0737B30-F455-43B6-83FE-DAA97F92FE40} = {27B2AA22-C826-41CF-8A86-7514DA7EF2D5}
		{228C24DB-27D2-4F7C-825B-D2A6BDC4362F} = {27B2AA22-C826-41CF-8A86-7514DA7EF2D5}
	EndGlobalSection
EndGlobal
